
Microsoft Visual Studio Solution File, Format Version 12.00
# Visual Studio Version 17
VisualStudioVersion = 17.14.36616.10 d17.14
MinimumVisualStudioVersion = 10.0.40219.1
Project("{FAE04EC0-301F-11D3-BF4B-00C04F79EFBC}") = "GithubPortfolio", "GithubPortfolio\GithubPortfolio.csproj", "{60050300-8241-4897-80D1-359AAD3F3B75}"
EndProject
Project("{FAE04EC0-301F-11D3-BF4B-00C04F79EFBC}") = "GithubService", "GithubService\GithubService.csproj", "{89E49F9C-7539-4B7D-B477-A950A579F42E}"
EndProject
Global
	GlobalSection(SolutionConfigurationPlatforms) = preSolution
		Debug|Any CPU = Debug|Any CPU
		Release|Any CPU = Release|Any CPU
	EndGlobalSection
	GlobalSection(ProjectConfigurationPlatforms) = postSolution
		{60050300-8241-4897-80D1-359AAD3F3B75}.Debug|Any CPU.ActiveCfg = Debug|Any CPU
		{60050300-8241-4897-80D1-359AAD3F3B75}.Debug|Any CPU.Build.0 = Debug|Any CPU
		{60050300-8241-4897-80D1-359AAD3F3B75}.Release|Any CPU.ActiveCfg = Release|Any CPU
		{60050300-8241-4897-80D1-359AAD3F3B75}.Release|Any CPU.Build.0 = Release|Any CPU
		{89E49F9C-7539-4B7D-B477-A950A579F42E}.Debug|Any CPU.ActiveCfg = Debug|Any CPU
		{89E49F9C-7539-4B7D-B477-A950A579F42E}.Debug|Any CPU.Build.0 = Debug|Any CPU
		{89E49F9C-7539-4B7D-B477-A950A579F42E}.Release|Any CPU.ActiveCfg = Release|Any CPU
		{89E49F9C-7539-4B7D-B477-A950A579F42E}.Release|Any CPU.Build.0 = Release|Any CPU
	EndGlobalSection
	GlobalSection(SolutionProperties) = preSolution
		HideSolutionNode = FALSE
	EndGlobalSection
	GlobalSection(ExtensibilityGlobals) = postSolution
		SolutionGuid = {571CA961-9A02-4D49-8630-74D3B9B23D9E}
	EndGlobalSection
EndGlobal
